
Microsoft Visual Studio Solution File, Format Version 12.00
# Visual Studio 2012
Project("{FAE04EC0-301F-11D3-BF4B-00C04F79EFBC}") = "ICT13580101EndB", "ICT13580101EndB\ICT13580101EndB.csproj", "{9D4923E0-221A-4A32-9081-6519E02DA72D}"
EndProject
Project("{FAE04EC0-301F-11D3-BF4B-00C04F79EFBC}") = "ICT13580101EndB.iOS", "iOS\ICT13580101EndB.iOS.csproj", "{4F1B2FC4-E152-447C-84CC-7F5111116092}"
EndProject
Project("{FAE04EC0-301F-11D3-BF4B-00C04F79EFBC}") = "ICT13580101EndB.Droid", "Droid\ICT13580101EndB.Droid.csproj", "{311C4F3F-23FB-491F-A5A9-9353871E4355}"
EndProject
Global
	GlobalSection(SolutionConfigurationPlatforms) = preSolution
		Debug|Any CPU = Debug|Any CPU
		Release|Any CPU = Release|Any CPU
		Debug|iPhoneSimulator = Debug|iPhoneSimulator
		Release|iPhone = Release|iPhone
		Release|iPhoneSimulator = Release|iPhoneSimulator
		Debug|iPhone = Debug|iPhone
	EndGlobalSection
	GlobalSection(ProjectConfigurationPlatforms) = postSolution
		{9D4923E0-221A-4A32-9081-6519E02DA72D}.Debug|Any CPU.ActiveCfg = Debug|Any CPU
		{9D4923E0-221A-4A32-9081-6519E02DA72D}.Debug|Any CPU.Build.0 = Debug|Any CPU
		{9D4923E0-221A-4A32-9081-6519E02DA72D}.Release|Any CPU.ActiveCfg = Release|Any CPU
		{9D4923E0-221A-4A32-9081-6519E02DA72D}.Release|Any CPU.Build.0 = Release|Any CPU
		{9D4923E0-221A-4A32-9081-6519E02DA72D}.Debug|iPhoneSimulator.ActiveCfg = Debug|Any CPU
		{9D4923E0-221A-4A32-9081-6519E02DA72D}.Debug|iPhoneSimulator.Build.0 = Debug|Any CPU
		{9D4923E0-221A-4A32-9081-6519E02DA72D}.Release|iPhone.ActiveCfg = Release|Any CPU
		{9D4923E0-221A-4A32-9081-6519E02DA72D}.Release|iPhone.Build.0 = Release|Any CPU
		{9D4923E0-221A-4A32-9081-6519E02DA72D}.Release|iPhoneSimulator.ActiveCfg = Release|Any CPU
		{9D4923E0-221A-4A32-9081-6519E02DA72D}.Release|iPhoneSimulator.Build.0 = Release|Any CPU
		{9D4923E0-221A-4A32-9081-6519E02DA72D}.Debug|iPhone.ActiveCfg = Debug|Any CPU
		{9D4923E0-221A-4A32-9081-6519E02DA72D}.Debug|iPhone.Build.0 = Debug|Any CPU
		{4F1B2FC4-E152-447C-84CC-7F5111116092}.Debug|Any CPU.ActiveCfg = Debug|iPhoneSimulator
		{4F1B2FC4-E152-447C-84CC-7F5111116092}.Debug|Any CPU.Build.0 = Debug|iPhoneSimulator
		{4F1B2FC4-E152-447C-84CC-7F5111116092}.Release|Any CPU.ActiveCfg = Release|iPhone
		{4F1B2FC4-E152-447C-84CC-7F5111116092}.Release|Any CPU.Build.0 = Release|iPhone
		{4F1B2FC4-E152-447C-84CC-7F5111116092}.Debug|iPhoneSimulator.ActiveCfg = Debug|iPhoneSimulator
		{4F1B2FC4-E152-447C-84CC-7F5111116092}.Debug|iPhoneSimulator.Build.0 = Debug|iPhoneSimulator
		{4F1B2FC4-E152-447C-84CC-7F5111116092}.Release|iPhone.ActiveCfg = Release|iPhone
		{4F1B2FC4-E152-447C-84CC-7F5111116092}.Release|iPhone.Build.0 = Release|iPhone
		{4F1B2FC4-E152-447C-84CC-7F5111116092}.Release|iPhoneSimulator.ActiveCfg = Release|iPhoneSimulator
		{4F1B2FC4-E152-447C-84CC-7F5111116092}.Release|iPhoneSimulator.Build.0 = Release|iPhoneSimulator
		{4F1B2FC4-E152-447C-84CC-7F5111116092}.Debug|iPhone.ActiveCfg = Debug|iPhone
		{4F1B2FC4-E152-447C-84CC-7F5111116092}.Debug|iPhone.Build.0 = Debug|iPhone
		{311C4F3F-23FB-491F-A5A9-9353871E4355}.Debug|Any CPU.ActiveCfg = Debug|Any CPU
		{311C4F3F-23FB-491F-A5A9-9353871E4355}.Debug|Any CPU.Build.0 = Debug|Any CPU
		{311C4F3F-23FB-491F-A5A9-9353871E4355}.Release|Any CPU.ActiveCfg = Release|Any CPU
		{311C4F3F-23FB-491F-A5A9-9353871E4355}.Release|Any CPU.Build.0 = Release|Any CPU
		{311C4F3F-23FB-491F-A5A9-9353871E4355}.Debug|iPhoneSimulator.ActiveCfg = Debug|Any CPU
		{311C4F3F-23FB-491F-A5A9-9353871E4355}.Debug|iPhoneSimulator.Build.0 = Debug|Any CPU
		{311C4F3F-23FB-491F-A5A9-9353871E4355}.Release|iPhone.ActiveCfg = Release|Any CPU
		{311C4F3F-23FB-491F-A5A9-9353871E4355}.Release|iPhone.Build.0 = Release|Any CPU
		{311C4F3F-23FB-491F-A5A9-9353871E4355}.Release|iPhoneSimulator.ActiveCfg = Release|Any CPU
		{311C4F3F-23FB-491F-A5A9-9353871E4355}.Release|iPhoneSimulator.Build.0 = Release|Any CPU
		{311C4F3F-23FB-491F-A5A9-9353871E4355}.Debug|iPhone.ActiveCfg = Debug|Any CPU
		{311C4F3F-23FB-491F-A5A9-9353871E4355}.Debug|iPhone.Build.0 = Debug|Any CPU
	EndGlobalSection
EndGlobal
